
Microsoft Visual Studio Solution File, Format Version 12.00
# Visual Studio 15
VisualStudioVersion = 15.0.28010.2036
MinimumVisualStudioVersion = 10.0.40219.1
Project("{9A19103F-16F7-4668-BE54-9A1E7A4F7556}") = "CoreOSC.Tests", "CoreOSC.Tests\CoreOSC.Tests.csproj", "{724AA6A3-D26F-4DCF-83D8-64C36302ABDD}"
EndProject
Project("{9A19103F-16F7-4668-BE54-9A1E7A4F7556}") = "CoreOSC", "CoreOSC\CoreOSC.csproj", "{363C1E30-8802-422D-AC37-A61F9EB284B8}"
EndProject
Global
	GlobalSection(SolutionConfigurationPlatforms) = preSolution
		Debug|Any CPU = Debug|Any CPU
		Debug|Mixed Platforms = Debug|Mixed Platforms
		Debug|x86 = Debug|x86
		Release|Any CPU = Release|Any CPU
		Release|Mixed Platforms = Release|Mixed Platforms
		Release|x86 = Release|x86
	EndGlobalSection
	GlobalSection(ProjectConfigurationPlatforms) = postSolution
		{724AA6A3-D26F-4DCF-83D8-64C36302ABDD}.Debug|Any CPU.ActiveCfg = Debug|Any CPU
		{724AA6A3-D26F-4DCF-83D8-64C36302ABDD}.Debug|Any CPU.Build.0 = Debug|Any CPU
		{724AA6A3-D26F-4DCF-83D8-64C36302ABDD}.Debug|Mixed Platforms.ActiveCfg = Debug|Any CPU
		{724AA6A3-D26F-4DCF-83D8-64C36302ABDD}.Debug|Mixed Platforms.Build.0 = Debug|Any CPU
		{724AA6A3-D26F-4DCF-83D8-64C36302ABDD}.Debug|x86.ActiveCfg = Debug|Any CPU
		{724AA6A3-D26F-4DCF-83D8-64C36302ABDD}.Debug|x86.Build.0 = Debug|Any CPU
		{724AA6A3-D26F-4DCF-83D8-64C36302ABDD}.Release|Any CPU.ActiveCfg = Release|Any CPU
		{724AA6A3-D26F-4DCF-83D8-64C36302ABDD}.Release|Any CPU.Build.0 = Release|Any CPU
		{724AA6A3-D26F-4DCF-83D8-64C36302ABDD}.Release|Mixed Platforms.ActiveCfg = Release|Any CPU
		{724AA6A3-D26F-4DCF-83D8-64C36302ABDD}.Release|Mixed Platforms.Build.0 = Release|Any CPU
		{724AA6A3-D26F-4DCF-83D8-64C36302ABDD}.Release|x86.ActiveCfg = Release|Any CPU
		{724AA6A3-D26F-4DCF-83D8-64C36302ABDD}.Release|x86.Build.0 = Release|Any CPU
		{363C1E30-8802-422D-AC37-A61F9EB284B8}.Debug|Any CPU.ActiveCfg = Debug|Any CPU
		{363C1E30-8802-422D-AC37-A61F9EB284B8}.Debug|Any CPU.Build.0 = Debug|Any CPU
		{363C1E30-8802-422D-AC37-A61F9EB284B8}.Debug|Mixed Platforms.ActiveCfg = Debug|Any CPU
		{363C1E30-8802-422D-AC37-A61F9EB284B8}.Debug|Mixed Platforms.Build.0 = Debug|Any CPU
		{363C1E30-8802-422D-AC37-A61F9EB284B8}.Debug|x86.ActiveCfg = Debug|Any CPU
		{363C1E30-8802-422D-AC37-A61F9EB284B8}.Debug|x86.Build.0 = Debug|Any CPU
		{363C1E30-8802-422D-AC37-A61F9EB284B8}.Release|Any CPU.ActiveCfg = Release|Any CPU
		{363C1E30-8802-422D-AC37-A61F9EB284B8}.Release|Any CPU.Build.0 = Release|Any CPU
		{363C1E30-8802-422D-AC37-A61F9EB284B8}.Release|Mixed Platforms.ActiveCfg = Release|Any CPU
		{363C1E30-8802-422D-AC37-A61F9EB284B8}.Release|Mixed Platforms.Build.0 = Release|Any CPU
		{363C1E30-8802-422D-AC37-A61F9EB284B8}.Release|x86.ActiveCfg = Release|Any CPU
		{363C1E30-8802-422D-AC37-A61F9EB284B8}.Release|x86.Build.0 = Release|Any CPU
	EndGlobalSection
	GlobalSection(SolutionProperties) = preSolution
		HideSolutionNode = FALSE
	EndGlobalSection
	GlobalSection(ExtensibilityGlobals) = postSolution
		SolutionGuid = {5A327E6B-3767-463D-8D17-A88760C3D28B}
	EndGlobalSection
EndGlobal
